
Microsoft Visual Studio Solution File, Format Version 12.00
# Visual Studio Version 17
VisualStudioVersion = 17.10.35013.160
MinimumVisualStudioVersion = 10.0.40219.1
Project("{FAE04EC0-301F-11D3-BF4B-00C04F79EFBC}") = "Day3", "Day3\Day3.csproj", "{7E1A2EE7-083F-42FE-B276-B0ED985D4235}"
EndProject
Project("{FAE04EC0-301F-11D3-BF4B-00C04F79EFBC}") = "Bussiness_Logic_Layer", "Bussiness_Logic_Layer\Bussiness_Logic_Layer.csproj", "{7644F6D7-EAEA-4672-B6EB-A2E617D3C5FF}"
EndProject
Project("{FAE04EC0-301F-11D3-BF4B-00C04F79EFBC}") = "Data_Logic_Layer", "Data_Logic_Layer\Data_Logic_Layer.csproj", "{496573B9-388B-4D7C-ACAA-B9264484F547}"
EndProject
Global
	GlobalSection(SolutionConfigurationPlatforms) = preSolution
		Debug|Any CPU = Debug|Any CPU
		Release|Any CPU = Release|Any CPU
	EndGlobalSection
	GlobalSection(ProjectConfigurationPlatforms) = postSolution
		{7E1A2EE7-083F-42FE-B276-B0ED985D4235}.Debug|Any CPU.ActiveCfg = Debug|Any CPU
		{7E1A2EE7-083F-42FE-B276-B0ED985D4235}.Debug|Any CPU.Build.0 = Debug|Any CPU
		{7E1A2EE7-083F-42FE-B276-B0ED985D4235}.Release|Any CPU.ActiveCfg = Release|Any CPU
		{7E1A2EE7-083F-42FE-B276-B0ED985D4235}.Release|Any CPU.Build.0 = Release|Any CPU
		{7644F6D7-EAEA-4672-B6EB-A2E617D3C5FF}.Debug|Any CPU.ActiveCfg = Debug|Any CPU
		{7644F6D7-EAEA-4672-B6EB-A2E617D3C5FF}.Debug|Any CPU.Build.0 = Debug|Any CPU
		{7644F6D7-EAEA-4672-B6EB-A2E617D3C5FF}.Release|Any CPU.ActiveCfg = Release|Any CPU
		{7644F6D7-EAEA-4672-B6EB-A2E617D3C5FF}.Release|Any CPU.Build.0 = Release|Any CPU
		{496573B9-388B-4D7C-ACAA-B9264484F547}.Debug|Any CPU.ActiveCfg = Debug|Any CPU
		{496573B9-388B-4D7C-ACAA-B9264484F547}.Debug|Any CPU.Build.0 = Debug|Any CPU
		{496573B9-388B-4D7C-ACAA-B9264484F547}.Release|Any CPU.ActiveCfg = Release|Any CPU
		{496573B9-388B-4D7C-ACAA-B9264484F547}.Release|Any CPU.Build.0 = Release|Any CPU
	EndGlobalSection
	GlobalSection(SolutionProperties) = preSolution
		HideSolutionNode = FALSE
	EndGlobalSection
	GlobalSection(ExtensibilityGlobals) = postSolution
		SolutionGuid = {0E59B0E9-EE24-4A4F-9E48-4DEDD40609B4}
	EndGlobalSection
EndGlobal
